
Microsoft Visual Studio Solution File, Format Version 12.00
# Visual Studio 15
VisualStudioVersion = 15.0.28307.421
MinimumVisualStudioVersion = 10.0.40219.1
Project("{FAE04EC0-301F-11D3-BF4B-00C04F79EFBC}") = "Ex3", "Ex3\Ex3.csproj", "{417D22D7-3BBC-4706-A16B-52EE2EC5025A}"
EndProject
Global
	GlobalSection(SolutionConfigurationPlatforms) = preSolution
		Debug|Any CPU = Debug|Any CPU
		Release|Any CPU = Release|Any CPU
	EndGlobalSection
	GlobalSection(ProjectConfigurationPlatforms) = postSolution
		{417D22D7-3BBC-4706-A16B-52EE2EC5025A}.Debug|Any CPU.ActiveCfg = Debug|Any CPU
		{417D22D7-3BBC-4706-A16B-52EE2EC5025A}.Debug|Any CPU.Build.0 = Debug|Any CPU
		{417D22D7-3BBC-4706-A16B-52EE2EC5025A}.Release|Any CPU.ActiveCfg = Release|Any CPU
		{417D22D7-3BBC-4706-A16B-52EE2EC5025A}.Release|Any CPU.Build.0 = Release|Any CPU
	EndGlobalSection
	GlobalSection(SolutionProperties) = preSolution
		HideSolutionNode = FALSE
	EndGlobalSection
	GlobalSection(ExtensibilityGlobals) = postSolution
		SolutionGuid = {FF7863EB-0BBA-4CAE-A2A8-E42F7DAE41FE}
	EndGlobalSection
EndGlobal
